github.com/hugo-fixit/FixIt v0.3.19 h1:L0tBLbVLPQRcCtlynNMz9ACNHxkGktEG+A5T/eBoyl8=
github.com/hugo-fixit/FixIt v0.3.19/go.mod h1:3XIRedrqakO7/a4ZnhE46haMRF8HgsT0N0B5j5D2iRU=
github.com/hugo-fixit/shortcode-docs-bookmark v1.0.3 h1:OMkbLv4yIifZ/dNUNoIvFhCxOFQNUAAbRkgqe+9aycQ=
github.com/hugo-fixit/shortcode-docs-bookmark v1.0.3/go.mod h1:suLPTLy/z2dvpHMEn9TFE+AxwyuTzmmD87vEiW078wI=
