github.com/hugo-fixit/FixIt v0.3.14 h1:xO6XVBIjYUB6q/Q5lXH2Dlmzpid80pmwzIICN5MIYUw=
github.com/hugo-fixit/FixIt v0.3.14/go.mod h1:3XIRedrqakO7/a4ZnhE46haMRF8HgsT0N0B5j5D2iRU=
github.com/hugo-fixit/shortcode-docs-bookmark v1.0.2 h1:VIcMt3SWSZYFyz0d+SfKb7ad3ZrQ2i87KJTYRfVTEfk=
github.com/hugo-fixit/shortcode-docs-bookmark v1.0.2/go.mod h1:suLPTLy/z2dvpHMEn9TFE+AxwyuTzmmD87vEiW078wI=
