github.com/hugo-fixit/FixIt v0.3.3 h1:6GWnYt43HZHntIo6n7U5B4Zt1LJjomGnf0hQYYGv3Qk=
github.com/hugo-fixit/FixIt v0.3.3/go.mod h1:3XIRedrqakO7/a4ZnhE46haMRF8HgsT0N0B5j5D2iRU=
github.com/hugo-fixit/FixIt v0.3.4 h1:T5WBPv7D98z4eDm8rD4bRuFEdjTqerCh+XM7l8LRlQ0=
github.com/hugo-fixit/FixIt v0.3.4/go.mod h1:3XIRedrqakO7/a4ZnhE46haMRF8HgsT0N0B5j5D2iRU=
